
Microsoft Visual Studio Solution File, Format Version 12.00
# Visual Studio 15
VisualStudioVersion = 15.0.27703.2018
MinimumVisualStudioVersion = 10.0.40219.1
Project("{FAE04EC0-301F-11D3-BF4B-00C04F79EFBC}") = "BouncyCastle", "bc-csharp\crypto\BouncyCastle.csproj", "{4C235092-820C-4DEB-9074-D356FB797D8B}"
EndProject
Project("{FAE04EC0-301F-11D3-BF4B-00C04F79EFBC}") = "UnitTests", "bc-csharp\crypto\test\UnitTests.csproj", "{D4EB669D-7C88-48C0-A480-C5CC73A7369B}"
EndProject
Project("{FAE04EC0-301F-11D3-BF4B-00C04F79EFBC}") = "BouncyCastle.Extensions", "BouncyCastle.Extensions.csproj", "{C2C3D8E4-F837-410D-B1C1-C3849295E096}"
EndProject
Project("{FAE04EC0-301F-11D3-BF4B-00C04F79EFBC}") = "UnitTests.Extensions", "tests\UnitTests.Extensions.csproj", "{C38359F4-D29D-4544-A551-772E63680DA5}"
EndProject
Global
	GlobalSection(SolutionConfigurationPlatforms) = preSolution
		Debug|Any CPU = Debug|Any CPU
		Release|Any CPU = Release|Any CPU
	EndGlobalSection
	GlobalSection(ProjectConfigurationPlatforms) = postSolution
		{4C235092-820C-4DEB-9074-D356FB797D8B}.Debug|Any CPU.ActiveCfg = Debug|Any CPU
		{4C235092-820C-4DEB-9074-D356FB797D8B}.Debug|Any CPU.Build.0 = Debug|Any CPU
		{4C235092-820C-4DEB-9074-D356FB797D8B}.Release|Any CPU.ActiveCfg = Release|Any CPU
		{4C235092-820C-4DEB-9074-D356FB797D8B}.Release|Any CPU.Build.0 = Release|Any CPU
		{D4EB669D-7C88-48C0-A480-C5CC73A7369B}.Debug|Any CPU.ActiveCfg = Debug|Any CPU
		{D4EB669D-7C88-48C0-A480-C5CC73A7369B}.Debug|Any CPU.Build.0 = Debug|Any CPU
		{D4EB669D-7C88-48C0-A480-C5CC73A7369B}.Release|Any CPU.ActiveCfg = Release|Any CPU
		{D4EB669D-7C88-48C0-A480-C5CC73A7369B}.Release|Any CPU.Build.0 = Release|Any CPU
		{C2C3D8E4-F837-410D-B1C1-C3849295E096}.Debug|Any CPU.ActiveCfg = Debug|Any CPU
		{C2C3D8E4-F837-410D-B1C1-C3849295E096}.Debug|Any CPU.Build.0 = Debug|Any CPU
		{C2C3D8E4-F837-410D-B1C1-C3849295E096}.Release|Any CPU.ActiveCfg = Release|Any CPU
		{C2C3D8E4-F837-410D-B1C1-C3849295E096}.Release|Any CPU.Build.0 = Release|Any CPU
		{C38359F4-D29D-4544-A551-772E63680DA5}.Debug|Any CPU.ActiveCfg = Debug|Any CPU
		{C38359F4-D29D-4544-A551-772E63680DA5}.Debug|Any CPU.Build.0 = Debug|Any CPU
		{C38359F4-D29D-4544-A551-772E63680DA5}.Release|Any CPU.ActiveCfg = Release|Any CPU
		{C38359F4-D29D-4544-A551-772E63680DA5}.Release|Any CPU.Build.0 = Release|Any CPU
	EndGlobalSection
	GlobalSection(SolutionProperties) = preSolution
		HideSolutionNode = FALSE
	EndGlobalSection
	GlobalSection(ExtensibilityGlobals) = postSolution
		SolutionGuid = {D10A7199-3941-4D76-A499-D9BB2C1B6598}
	EndGlobalSection
	GlobalSection(MonoDevelopProperties) = preSolution
		StartupItem = crypto\BouncyCastle.csproj
	EndGlobalSection
EndGlobal
